<?xml version="1.0" encoding="utf-8"?>
<Project ToolsVersion="4.0" xmlns="http://schemas.microsoft.com/developer/msbuild/2003">
  <ItemGroup>
    <Filter Include="Resource Files">
      <UniqueIdentifier>{67DA6AB6-F800-4c08-8B7A-83BB121AAD01}</UniqueIdentifier>
      <Extensions>rc;ico;cur;bmp;dlg;rc2;rct;bin;rgs;gif;jpg;jpeg;jpe;resx;tiff;tif;png;wav</Extensions>
    </Filter>
    <Filter Include="plugin">
      <UniqueIdentifier>{05a09b96-5c25-4e71-861c-c50fc7309b93}</UniqueIdentifier>
    </Filter>
  </ItemGroup>
  <ItemGroup>
    <ClCompile Include="stdafx.cpp">
      <Filter>plugin</Filter>
    </ClCompile>
    <ClCompile Include="FlacDecoder.cpp">
      <Filter>plugin</Filter>
    </ClCompile>
    <ClCompile Include="flacdecoder_plugin.cpp">
      <Filter>plugin</Filter>
    </ClCompile>
    <ClCompile Include="FlacDecoderFactory.cpp">
      <Filter>plugin</Filter>
    </ClCompile>
    <ClCompile Include="libogg\bitwise.c">
      <Filter>plugin</Filter>
    </ClCompile>
    <ClCompile Include="libogg\framing.c">
      <Filter>plugin</Filter>
    </ClCompile>
    <ClCompile Include="libflac\win_utf8_io.c">
      <Filter>plugin</Filter>
    </ClCompile>
  </ItemGroup>
  <ItemGroup>
    <ClInclude Include="stdafx.h">
      <Filter>plugin</Filter>
    </ClInclude>
    <ClInclude Include="FlacDecoderFactory.h">
      <Filter>plugin</Filter>
    </ClInclude>
    <ClInclude Include="FlacDecoder.h">
      <Filter>plugin</Filter>
    </ClInclude>
  </ItemGroup>
</Project>