Microsoft Visual Studio Solution File, Format Version 9.00
# Visual Studio 2005
Project("{8BC9CEB8-8B4A-11D0-8D11-00A0C91BC942}") = "mC2", "src\cube\cube.vcproj", "{1CA67D31-E7D4-4377-93F2-FD15BF95D21F}"
	ProjectSection(ProjectDependencies) = postProject
		{B2165720-B4B2-4F4B-9634-8C390C3CB4DB} = {B2165720-B4B2-4F4B-9634-8C390C3CB4DB}
		{E618F29F-BF28-441A-B039-9E10A631D881} = {E618F29F-BF28-441A-B039-9E10A631D881}
	EndProjectSection
EndProject
Project("{8BC9CEB8-8B4A-11D0-8D11-00A0C91BC942}") = "win32cpp", "src\win32cpp\win32cpp.vcproj", "{E618F29F-BF28-441A-B039-9E10A631D881}"
EndProject
Project("{8BC9CEB8-8B4A-11D0-8D11-00A0C91BC942}") = "core", "src\core\core.vcproj", "{B2165720-B4B2-4F4B-9634-8C390C3CB4DB}"
	ProjectSection(ProjectDependencies) = postProject
		{B2165720-B4B2-4F4B-8888-8C390C3CB4DB} = {B2165720-B4B2-4F4B-8888-8C390C3CB4DB}
	EndProjectSection
EndProject
Project("{8BC9CEB8-8B4A-11D0-8D11-00A0C91BC942}") = "taglib_plugin", "src\contrib\taglib_plugin\taglib_plugin.vcproj", "{7CD00EC4-D090-48BE-9388-FA4857AC332C}"
EndProject
Project("{8BC9CEB8-8B4A-11D0-8D11-00A0C91BC942}") = "3rdparty", "src\3rdparty\3rdparty.vcproj", "{B2165720-B4B2-4F4B-8888-8C390C3CB4DB}"
EndProject
Project("{8BC9CEB8-8B4A-11D0-8D11-00A0C91BC942}") = "oggdecoder", "src\contrib\oggdecoder\oggdecoder.vcproj", "{292974B0-C8B7-41EF-B603-554A2B25CB90}"
EndProject
Project("{2150E333-8FDC-42A3-9474-1A3956D46DE8}") = "Plugins", "Plugins", "{092264AD-38B7-401D-8E67-B56756A141E4}"
EndProject
Project("{8BC9CEB8-8B4A-11D0-8D11-00A0C91BC942}") = "waveout", "src\contrib\waveout\waveout.vcproj", "{4F10C17A-8AF7-4FAC-A4E2-087AE6E8F9D8}"
EndProject
Project("{8BC9CEB8-8B4A-11D0-8D11-00A0C91BC942}") = "musikServer", "src\server\musikServer.vcproj", "{1A81F4B3-303D-4591-9029-5F3368EE15D7}"
	ProjectSection(ProjectDependencies) = postProject
		{B2165720-B4B2-4F4B-8888-8C390C3CB4DB} = {B2165720-B4B2-4F4B-8888-8C390C3CB4DB}
		{B2165720-B4B2-4F4B-9634-8C390C3CB4DB} = {B2165720-B4B2-4F4B-9634-8C390C3CB4DB}
		{E618F29F-BF28-441A-B039-9E10A631D881} = {E618F29F-BF28-441A-B039-9E10A631D881}
	EndProjectSection
EndProject
Project("{8BC9CEB8-8B4A-11D0-8D11-00A0C91BC942}") = "httpstream_plugin", "src\contrib\httpstream\httpstream_plugin.vcproj", "{05A68577-4991-44CF-822E-60292A9A4D5A}"
EndProject
Project("{8BC9CEB8-8B4A-11D0-8D11-00A0C91BC942}") = "mpg123decoder", "src\contrib\mpg123decoder\mpg123decoder.vcproj", "{04118CC2-DE10-4627-A695-2219428C7D59}"
EndProject
Project("{8BC9CEB8-8B4A-11D0-8D11-00A0C91BC942}") = "flacdecoder", "src\contrib\flacdecoder\flacdecoder.vcproj", "{465EF178-91C1-4068-BE1D-F9616ECCB6DE}"
EndProject
Global
	GlobalSection(SolutionConfigurationPlatforms) = preSolution
		Debug|Win32 = Debug|Win32
		Release|Win32 = Release|Win32
	EndGlobalSection
	GlobalSection(ProjectConfigurationPlatforms) = postSolution
		{1CA67D31-E7D4-4377-93F2-FD15BF95D21F}.Debug|Win32.ActiveCfg = Debug|Win32
		{1CA67D31-E7D4-4377-93F2-FD15BF95D21F}.Debug|Win32.Build.0 = Debug|Win32
		{1CA67D31-E7D4-4377-93F2-FD15BF95D21F}.Release|Win32.ActiveCfg = Release|Win32
		{1CA67D31-E7D4-4377-93F2-FD15BF95D21F}.Release|Win32.Build.0 = Release|Win32
		{E618F29F-BF28-441A-B039-9E10A631D881}.Debug|Win32.ActiveCfg = Debug|Win32
		{E618F29F-BF28-441A-B039-9E10A631D881}.Debug|Win32.Build.0 = Debug|Win32
		{E618F29F-BF28-441A-B039-9E10A631D881}.Release|Win32.ActiveCfg = Release|Win32
		{E618F29F-BF28-441A-B039-9E10A631D881}.Release|Win32.Build.0 = Release|Win32
		{B2165720-B4B2-4F4B-9634-8C390C3CB4DB}.Debug|Win32.ActiveCfg = Debug|Win32
		{B2165720-B4B2-4F4B-9634-8C390C3CB4DB}.Debug|Win32.Build.0 = Debug|Win32
		{B2165720-B4B2-4F4B-9634-8C390C3CB4DB}.Release|Win32.ActiveCfg = Release|Win32
		{B2165720-B4B2-4F4B-9634-8C390C3CB4DB}.Release|Win32.Build.0 = Release|Win32
		{7CD00EC4-D090-48BE-9388-FA4857AC332C}.Debug|Win32.ActiveCfg = Debug|Win32
		{7CD00EC4-D090-48BE-9388-FA4857AC332C}.Debug|Win32.Build.0 = Debug|Win32
		{7CD00EC4-D090-48BE-9388-FA4857AC332C}.Release|Win32.ActiveCfg = Release|Win32
		{7CD00EC4-D090-48BE-9388-FA4857AC332C}.Release|Win32.Build.0 = Release|Win32
		{B2165720-B4B2-4F4B-8888-8C390C3CB4DB}.Debug|Win32.ActiveCfg = Debug|Win32
		{B2165720-B4B2-4F4B-8888-8C390C3CB4DB}.Debug|Win32.Build.0 = Debug|Win32
		{B2165720-B4B2-4F4B-8888-8C390C3CB4DB}.Release|Win32.ActiveCfg = Release|Win32
		{B2165720-B4B2-4F4B-8888-8C390C3CB4DB}.Release|Win32.Build.0 = Release|Win32
		{292974B0-C8B7-41EF-B603-554A2B25CB90}.Debug|Win32.ActiveCfg = Debug|Win32
		{292974B0-C8B7-41EF-B603-554A2B25CB90}.Debug|Win32.Build.0 = Debug|Win32
		{292974B0-C8B7-41EF-B603-554A2B25CB90}.Release|Win32.ActiveCfg = Release|Win32
		{292974B0-C8B7-41EF-B603-554A2B25CB90}.Release|Win32.Build.0 = Release|Win32
		{4F10C17A-8AF7-4FAC-A4E2-087AE6E8F9D8}.Debug|Win32.ActiveCfg = Debug|Win32
		{4F10C17A-8AF7-4FAC-A4E2-087AE6E8F9D8}.Debug|Win32.Build.0 = Debug|Win32
		{4F10C17A-8AF7-4FAC-A4E2-087AE6E8F9D8}.Release|Win32.ActiveCfg = Release|Win32
		{4F10C17A-8AF7-4FAC-A4E2-087AE6E8F9D8}.Release|Win32.Build.0 = Release|Win32
		{1A81F4B3-303D-4591-9029-5F3368EE15D7}.Debug|Win32.ActiveCfg = Debug|Win32
		{1A81F4B3-303D-4591-9029-5F3368EE15D7}.Debug|Win32.Build.0 = Debug|Win32
		{1A81F4B3-303D-4591-9029-5F3368EE15D7}.Release|Win32.ActiveCfg = Release|Win32
		{1A81F4B3-303D-4591-9029-5F3368EE15D7}.Release|Win32.Build.0 = Release|Win32
		{05A68577-4991-44CF-822E-60292A9A4D5A}.Debug|Win32.ActiveCfg = Debug|Win32
		{05A68577-4991-44CF-822E-60292A9A4D5A}.Debug|Win32.Build.0 = Debug|Win32
		{05A68577-4991-44CF-822E-60292A9A4D5A}.Release|Win32.ActiveCfg = Release|Win32
		{05A68577-4991-44CF-822E-60292A9A4D5A}.Release|Win32.Build.0 = Release|Win32
		{04118CC2-DE10-4627-A695-2219428C7D59}.Debug|Win32.ActiveCfg = Debug|Win32
		{04118CC2-DE10-4627-A695-2219428C7D59}.Debug|Win32.Build.0 = Debug|Win32
		{04118CC2-DE10-4627-A695-2219428C7D59}.Release|Win32.ActiveCfg = Release|Win32
		{04118CC2-DE10-4627-A695-2219428C7D59}.Release|Win32.Build.0 = Release|Win32
		{465EF178-91C1-4068-BE1D-F9616ECCB6DE}.Debug|Win32.ActiveCfg = Debug|Win32
		{465EF178-91C1-4068-BE1D-F9616ECCB6DE}.Debug|Win32.Build.0 = Debug|Win32
		{465EF178-91C1-4068-BE1D-F9616ECCB6DE}.Release|Win32.ActiveCfg = Release|Win32
		{465EF178-91C1-4068-BE1D-F9616ECCB6DE}.Release|Win32.Build.0 = Release|Win32
	EndGlobalSection
	GlobalSection(SolutionProperties) = preSolution
		HideSolutionNode = FALSE
	EndGlobalSection
	GlobalSection(NestedProjects) = preSolution
		{292974B0-C8B7-41EF-B603-554A2B25CB90} = {092264AD-38B7-401D-8E67-B56756A141E4}
		{7CD00EC4-D090-48BE-9388-FA4857AC332C} = {092264AD-38B7-401D-8E67-B56756A141E4}
		{4F10C17A-8AF7-4FAC-A4E2-087AE6E8F9D8} = {092264AD-38B7-401D-8E67-B56756A141E4}
		{05A68577-4991-44CF-822E-60292A9A4D5A} = {092264AD-38B7-401D-8E67-B56756A141E4}
		{04118CC2-DE10-4627-A695-2219428C7D59} = {092264AD-38B7-401D-8E67-B56756A141E4}
		{465EF178-91C1-4068-BE1D-F9616ECCB6DE} = {092264AD-38B7-401D-8E67-B56756A141E4}
	EndGlobalSection
EndGlobal
