<?xml version="1.0" encoding="utf-8"?>
<Project ToolsVersion="4.0" xmlns="http://schemas.microsoft.com/developer/msbuild/2003">
  <ItemGroup>
    <Filter Include="src">
      <UniqueIdentifier>{2c3b4873-a5d1-4aad-9902-8d403857cca3}</UniqueIdentifier>
    </Filter>
    <Filter Include="res">
      <UniqueIdentifier>{f520399d-3c2e-4ede-8497-d1518fddbbab}</UniqueIdentifier>
    </Filter>
  </ItemGroup>
  <ItemGroup>
    <ClCompile Include="main.c">
      <Filter>src</Filter>
    </ClCompile>
  </ItemGroup>
  <ItemGroup>
    <Image Include="icon.ico">
      <Filter>res</Filter>
    </Image>
  </ItemGroup>
  <ItemGroup>
    <ResourceCompile Include="core_c_demo.rc">
      <Filter>res</Filter>
    </ResourceCompile>
  </ItemGroup>
</Project>