<?xml version="1.0" encoding="utf-8"?>
<Project ToolsVersion="4.0" xmlns="http://schemas.microsoft.com/developer/msbuild/2003">
  <ItemGroup>
    <Filter Include="Resource Files">
      <UniqueIdentifier>{67DA6AB6-F800-4c08-8B7A-83BB121AAD01}</UniqueIdentifier>
      <Extensions>rc;ico;cur;bmp;dlg;rc2;rct;bin;rgs;gif;jpg;jpeg;jpe;resx;tiff;tif;png;wav</Extensions>
    </Filter>
    <Filter Include="decoder">
      <UniqueIdentifier>{33848a4c-c2ee-4abc-927c-2cf8f79efb14}</UniqueIdentifier>
    </Filter>
    <Filter Include="plugin">
      <UniqueIdentifier>{afc1b3ef-4536-45a9-b6c5-babca17d9a10}</UniqueIdentifier>
    </Filter>
  </ItemGroup>
  <ItemGroup>
    <ClCompile Include="BaseDecoder.cpp">
      <Filter>decoder</Filter>
    </ClCompile>
    <ClCompile Include="BitStream.cpp">
      <Filter>decoder</Filter>
    </ClCompile>
    <ClCompile Include="CRC.cpp">
      <Filter>decoder</Filter>
    </ClCompile>
    <ClCompile Include="FrameSplitter.cpp">
      <Filter>decoder</Filter>
    </ClCompile>
    <ClCompile Include="Header.cpp">
      <Filter>decoder</Filter>
    </ClCompile>
    <ClCompile Include="Layer3Decoder.cpp">
      <Filter>decoder</Filter>
    </ClCompile>
    <ClCompile Include="SideInfo.cpp">
      <Filter>decoder</Filter>
    </ClCompile>
    <ClCompile Include="MP3Decoder.cpp">
      <Filter>plugin</Filter>
    </ClCompile>
    <ClCompile Include="mp3decoder_plugin.cpp">
      <Filter>plugin</Filter>
    </ClCompile>
    <ClCompile Include="stdafx.cpp">
      <Filter>plugin</Filter>
    </ClCompile>
    <ClCompile Include="Mp3DecoderFactory.cpp">
      <Filter>plugin</Filter>
    </ClCompile>
  </ItemGroup>
  <ItemGroup>
    <ClInclude Include="BaseDecoder.h">
      <Filter>decoder</Filter>
    </ClInclude>
    <ClInclude Include="BitReservoir.H">
      <Filter>decoder</Filter>
    </ClInclude>
    <ClInclude Include="BitStream.h">
      <Filter>decoder</Filter>
    </ClInclude>
    <ClInclude Include="CRC.h">
      <Filter>decoder</Filter>
    </ClInclude>
    <ClInclude Include="Frame.h">
      <Filter>decoder</Filter>
    </ClInclude>
    <ClInclude Include="FrameSplitter.h">
      <Filter>decoder</Filter>
    </ClInclude>
    <ClInclude Include="Header.h">
      <Filter>decoder</Filter>
    </ClInclude>
    <ClInclude Include="IMPEGDecoder.h">
      <Filter>decoder</Filter>
    </ClInclude>
    <ClInclude Include="Layer3Decoder.h">
      <Filter>decoder</Filter>
    </ClInclude>
    <ClInclude Include="resource.h">
      <Filter>decoder</Filter>
    </ClInclude>
    <ClInclude Include="SideInfo.h">
      <Filter>decoder</Filter>
    </ClInclude>
    <ClInclude Include="MP3Decoder.h">
      <Filter>plugin</Filter>
    </ClInclude>
    <ClInclude Include="stdafx.h">
      <Filter>plugin</Filter>
    </ClInclude>
    <ClInclude Include="Mp3DecoderFactory.h">
      <Filter>plugin</Filter>
    </ClInclude>
  </ItemGroup>
</Project>