<?xml version="1.0" encoding="utf-8"?>
<Project ToolsVersion="4.0" xmlns="http://schemas.microsoft.com/developer/msbuild/2003">
  <ItemGroup>
    <Filter Include="Resource Files">
      <UniqueIdentifier>{67DA6AB6-F800-4c08-8B7A-83BB121AAD01}</UniqueIdentifier>
      <Extensions>rc;ico;cur;bmp;dlg;rc2;rct;bin;rgs;gif;jpg;jpeg;jpe;resx;tiff;tif;png;wav</Extensions>
    </Filter>
    <Filter Include="plugin">
      <UniqueIdentifier>{7be51000-6efb-4f48-9a25-c251f288f421}</UniqueIdentifier>
    </Filter>
  </ItemGroup>
  <ItemGroup>
    <ClCompile Include="APEDecoder.cpp">
      <Filter>plugin</Filter>
    </ClCompile>
    <ClCompile Include="apedecoder_plugin.cpp">
      <Filter>plugin</Filter>
    </ClCompile>
    <ClCompile Include="APESourceSupplier.cpp">
      <Filter>plugin</Filter>
    </ClCompile>
    <ClCompile Include="stdafx.cpp">
      <Filter>plugin</Filter>
    </ClCompile>
  </ItemGroup>
  <ItemGroup>
    <ClInclude Include="APEDecoder.h">
      <Filter>plugin</Filter>
    </ClInclude>
    <ClInclude Include="APESourceSupplier.h">
      <Filter>plugin</Filter>
    </ClInclude>
    <ClInclude Include="stdafx.h">
      <Filter>plugin</Filter>
    </ClInclude>
  </ItemGroup>
</Project>