<?xml version="1.0" encoding="utf-8"?>
<Project ToolsVersion="4.0" xmlns="http://schemas.microsoft.com/developer/msbuild/2003">
  <ItemGroup>
    <Filter Include="src">
      <UniqueIdentifier>{4FC737F1-C7A5-4376-A066-2A32D752A2FF}</UniqueIdentifier>
      <Extensions>cpp;c;cc;cxx;def;odl;idl;hpj;bat;asm;asmx</Extensions>
    </Filter>
    <Filter Include="websocketpp">
      <UniqueIdentifier>{bb67dd4b-bdf7-4821-a714-c1606bd1a1a6}</UniqueIdentifier>
    </Filter>
    <Filter Include="microhttpd">
      <UniqueIdentifier>{603bc1b6-0f8e-4b1d-b853-76135fb93750}</UniqueIdentifier>
    </Filter>
    <Filter Include="microhttpd\include">
      <UniqueIdentifier>{726007ee-0a00-46fc-85ce-63e014c524b6}</UniqueIdentifier>
    </Filter>
    <Filter Include="microhttpd\src">
      <UniqueIdentifier>{3666adb8-1e14-4442-b703-97a9734b1e2b}</UniqueIdentifier>
    </Filter>
  </ItemGroup>
  <ItemGroup>
    <ClCompile Include="main.cpp">
      <Filter>src</Filter>
    </ClCompile>
    <ClCompile Include="WebSocketServer.cpp">
      <Filter>src</Filter>
    </ClCompile>
    <ClCompile Include="HttpServer.cpp">
      <Filter>src</Filter>
    </ClCompile>
    <ClCompile Include="Util.cpp">
      <Filter>src</Filter>
    </ClCompile>
    <ClCompile Include="3rdparty\win32_src\microhttpd\tsearch.c">
      <Filter>microhttpd\src</Filter>
    </ClCompile>
    <ClCompile Include="3rdparty\win32_src\microhttpd\base64.c">
      <Filter>microhttpd\src</Filter>
    </ClCompile>
    <ClCompile Include="3rdparty\win32_src\microhttpd\basicauth.c">
      <Filter>microhttpd\src</Filter>
    </ClCompile>
    <ClCompile Include="3rdparty\win32_src\microhttpd\connection.c">
      <Filter>microhttpd\src</Filter>
    </ClCompile>
    <ClCompile Include="3rdparty\win32_src\microhttpd\daemon.c">
      <Filter>microhttpd\src</Filter>
    </ClCompile>
    <ClCompile Include="3rdparty\win32_src\microhttpd\digestauth.c">
      <Filter>microhttpd\src</Filter>
    </ClCompile>
    <ClCompile Include="3rdparty\win32_src\microhttpd\internal.c">
      <Filter>microhttpd\src</Filter>
    </ClCompile>
    <ClCompile Include="3rdparty\win32_src\microhttpd\md5.c">
      <Filter>microhttpd\src</Filter>
    </ClCompile>
    <ClCompile Include="3rdparty\win32_src\microhttpd\memorypool.c">
      <Filter>microhttpd\src</Filter>
    </ClCompile>
    <ClCompile Include="3rdparty\win32_src\microhttpd\mhd_compat.c">
      <Filter>microhttpd\src</Filter>
    </ClCompile>
    <ClCompile Include="3rdparty\win32_src\microhttpd\mhd_itc.c">
      <Filter>microhttpd\src</Filter>
    </ClCompile>
    <ClCompile Include="3rdparty\win32_src\microhttpd\mhd_mono_clock.c">
      <Filter>microhttpd\src</Filter>
    </ClCompile>
    <ClCompile Include="3rdparty\win32_src\microhttpd\mhd_sockets.c">
      <Filter>microhttpd\src</Filter>
    </ClCompile>
    <ClCompile Include="3rdparty\win32_src\microhttpd\mhd_str.c">
      <Filter>microhttpd\src</Filter>
    </ClCompile>
    <ClCompile Include="3rdparty\win32_src\microhttpd\mhd_threads.c">
      <Filter>microhttpd\src</Filter>
    </ClCompile>
    <ClCompile Include="3rdparty\win32_src\microhttpd\postprocessor.c">
      <Filter>microhttpd\src</Filter>
    </ClCompile>
    <ClCompile Include="3rdparty\win32_src\microhttpd\reason_phrase.c">
      <Filter>microhttpd\src</Filter>
    </ClCompile>
    <ClCompile Include="3rdparty\win32_src\microhttpd\response.c">
      <Filter>microhttpd\src</Filter>
    </ClCompile>
    <ClCompile Include="3rdparty\win32_src\microhttpd\sysfdsetsize.c">
      <Filter>microhttpd\src</Filter>
    </ClCompile>
    <ClCompile Include="Transcoder.cpp">
      <Filter>src</Filter>
    </ClCompile>
    <ClCompile Include="Snapshots.cpp">
      <Filter>src</Filter>
    </ClCompile>
    <ClCompile Include="BlockingTranscoder.cpp">
      <Filter>src</Filter>
    </ClCompile>
    <ClCompile Include="TranscodingAudioDataStream.cpp">
      <Filter>src</Filter>
    </ClCompile>
  </ItemGroup>
  <ItemGroup>
    <ClInclude Include="3rdparty\include\websocketpp\random\none.hpp">
      <Filter>websocketpp</Filter>
    </ClInclude>
    <ClInclude Include="3rdparty\include\websocketpp\random\random_device.hpp">
      <Filter>websocketpp</Filter>
    </ClInclude>
    <ClInclude Include="3rdparty\include\websocketpp\roles\client_endpoint.hpp">
      <Filter>websocketpp</Filter>
    </ClInclude>
    <ClInclude Include="3rdparty\include\websocketpp\roles\server_endpoint.hpp">
      <Filter>websocketpp</Filter>
    </ClInclude>
    <ClInclude Include="3rdparty\include\websocketpp\sha1\sha1.hpp">
      <Filter>websocketpp</Filter>
    </ClInclude>
    <ClInclude Include="3rdparty\include\websocketpp\transport\asio\base.hpp">
      <Filter>websocketpp</Filter>
    </ClInclude>
    <ClInclude Include="3rdparty\include\websocketpp\transport\asio\connection.hpp">
      <Filter>websocketpp</Filter>
    </ClInclude>
    <ClInclude Include="3rdparty\include\websocketpp\transport\asio\endpoint.hpp">
      <Filter>websocketpp</Filter>
    </ClInclude>
    <ClInclude Include="3rdparty\include\websocketpp\transport\asio\security\base.hpp">
      <Filter>websocketpp</Filter>
    </ClInclude>
    <ClInclude Include="3rdparty\include\websocketpp\transport\asio\security\none.hpp">
      <Filter>websocketpp</Filter>
    </ClInclude>
    <ClInclude Include="3rdparty\include\websocketpp\transport\asio\security\tls.hpp">
      <Filter>websocketpp</Filter>
    </ClInclude>
    <ClInclude Include="3rdparty\include\websocketpp\transport\base\connection.hpp">
      <Filter>websocketpp</Filter>
    </ClInclude>
    <ClInclude Include="3rdparty\include\websocketpp\transport\base\endpoint.hpp">
      <Filter>websocketpp</Filter>
    </ClInclude>
    <ClInclude Include="3rdparty\include\websocketpp\transport\debug\base.hpp">
      <Filter>websocketpp</Filter>
    </ClInclude>
    <ClInclude Include="3rdparty\include\websocketpp\transport\debug\connection.hpp">
      <Filter>websocketpp</Filter>
    </ClInclude>
    <ClInclude Include="3rdparty\include\websocketpp\transport\debug\endpoint.hpp">
      <Filter>websocketpp</Filter>
    </ClInclude>
    <ClInclude Include="3rdparty\include\websocketpp\transport\iostream\base.hpp">
      <Filter>websocketpp</Filter>
    </ClInclude>
    <ClInclude Include="3rdparty\include\websocketpp\transport\iostream\connection.hpp">
      <Filter>websocketpp</Filter>
    </ClInclude>
    <ClInclude Include="3rdparty\include\websocketpp\transport\iostream\endpoint.hpp">
      <Filter>websocketpp</Filter>
    </ClInclude>
    <ClInclude Include="3rdparty\include\websocketpp\transport\stub\base.hpp">
      <Filter>websocketpp</Filter>
    </ClInclude>
    <ClInclude Include="3rdparty\include\websocketpp\transport\stub\connection.hpp">
      <Filter>websocketpp</Filter>
    </ClInclude>
    <ClInclude Include="3rdparty\include\websocketpp\transport\stub\endpoint.hpp">
      <Filter>websocketpp</Filter>
    </ClInclude>
    <ClInclude Include="3rdparty\include\websocketpp\client.hpp">
      <Filter>websocketpp</Filter>
    </ClInclude>
    <ClInclude Include="3rdparty\include\websocketpp\close.hpp">
      <Filter>websocketpp</Filter>
    </ClInclude>
    <ClInclude Include="3rdparty\include\websocketpp\connection.hpp">
      <Filter>websocketpp</Filter>
    </ClInclude>
    <ClInclude Include="3rdparty\include\websocketpp\connection_base.hpp">
      <Filter>websocketpp</Filter>
    </ClInclude>
    <ClInclude Include="3rdparty\include\websocketpp\endpoint.hpp">
      <Filter>websocketpp</Filter>
    </ClInclude>
    <ClInclude Include="3rdparty\include\websocketpp\endpoint_base.hpp">
      <Filter>websocketpp</Filter>
    </ClInclude>
    <ClInclude Include="3rdparty\include\websocketpp\error.hpp">
      <Filter>websocketpp</Filter>
    </ClInclude>
    <ClInclude Include="3rdparty\include\websocketpp\frame.hpp">
      <Filter>websocketpp</Filter>
    </ClInclude>
    <ClInclude Include="3rdparty\include\websocketpp\server.hpp">
      <Filter>websocketpp</Filter>
    </ClInclude>
    <ClInclude Include="3rdparty\include\websocketpp\uri.hpp">
      <Filter>websocketpp</Filter>
    </ClInclude>
    <ClInclude Include="3rdparty\include\websocketpp\utf8_validator.hpp">
      <Filter>websocketpp</Filter>
    </ClInclude>
    <ClInclude Include="3rdparty\include\websocketpp\utilities.hpp">
      <Filter>websocketpp</Filter>
    </ClInclude>
    <ClInclude Include="3rdparty\include\websocketpp\version.hpp">
      <Filter>websocketpp</Filter>
    </ClInclude>
    <ClInclude Include="3rdparty\include\websocketpp\base64\base64.hpp">
      <Filter>websocketpp</Filter>
    </ClInclude>
    <ClInclude Include="3rdparty\include\websocketpp\common\asio.hpp">
      <Filter>websocketpp</Filter>
    </ClInclude>
    <ClInclude Include="3rdparty\include\websocketpp\common\asio_ssl.hpp">
      <Filter>websocketpp</Filter>
    </ClInclude>
    <ClInclude Include="3rdparty\include\websocketpp\common\chrono.hpp">
      <Filter>websocketpp</Filter>
    </ClInclude>
    <ClInclude Include="3rdparty\include\websocketpp\common\connection_hdl.hpp">
      <Filter>websocketpp</Filter>
    </ClInclude>
    <ClInclude Include="3rdparty\include\websocketpp\common\cpp11.hpp">
      <Filter>websocketpp</Filter>
    </ClInclude>
    <ClInclude Include="3rdparty\include\websocketpp\common\functional.hpp">
      <Filter>websocketpp</Filter>
    </ClInclude>
    <ClInclude Include="3rdparty\include\websocketpp\common\md5.hpp">
      <Filter>websocketpp</Filter>
    </ClInclude>
    <ClInclude Include="3rdparty\include\websocketpp\common\memory.hpp">
      <Filter>websocketpp</Filter>
    </ClInclude>
    <ClInclude Include="3rdparty\include\websocketpp\common\network.hpp">
      <Filter>websocketpp</Filter>
    </ClInclude>
    <ClInclude Include="3rdparty\include\websocketpp\common\platforms.hpp">
      <Filter>websocketpp</Filter>
    </ClInclude>
    <ClInclude Include="3rdparty\include\websocketpp\common\random.hpp">
      <Filter>websocketpp</Filter>
    </ClInclude>
    <ClInclude Include="3rdparty\include\websocketpp\common\regex.hpp">
      <Filter>websocketpp</Filter>
    </ClInclude>
    <ClInclude Include="3rdparty\include\websocketpp\common\stdint.hpp">
      <Filter>websocketpp</Filter>
    </ClInclude>
    <ClInclude Include="3rdparty\include\websocketpp\common\system_error.hpp">
      <Filter>websocketpp</Filter>
    </ClInclude>
    <ClInclude Include="3rdparty\include\websocketpp\common\thread.hpp">
      <Filter>websocketpp</Filter>
    </ClInclude>
    <ClInclude Include="3rdparty\include\websocketpp\common\time.hpp">
      <Filter>websocketpp</Filter>
    </ClInclude>
    <ClInclude Include="3rdparty\include\websocketpp\common\type_traits.hpp">
      <Filter>websocketpp</Filter>
    </ClInclude>
    <ClInclude Include="3rdparty\include\websocketpp\concurrency\basic.hpp">
      <Filter>websocketpp</Filter>
    </ClInclude>
    <ClInclude Include="3rdparty\include\websocketpp\concurrency\none.hpp">
      <Filter>websocketpp</Filter>
    </ClInclude>
    <ClInclude Include="3rdparty\include\websocketpp\config\asio.hpp">
      <Filter>websocketpp</Filter>
    </ClInclude>
    <ClInclude Include="3rdparty\include\websocketpp\config\asio_client.hpp">
      <Filter>websocketpp</Filter>
    </ClInclude>
    <ClInclude Include="3rdparty\include\websocketpp\config\asio_no_tls.hpp">
      <Filter>websocketpp</Filter>
    </ClInclude>
    <ClInclude Include="3rdparty\include\websocketpp\config\asio_no_tls_client.hpp">
      <Filter>websocketpp</Filter>
    </ClInclude>
    <ClInclude Include="3rdparty\include\websocketpp\config\boost_config.hpp">
      <Filter>websocketpp</Filter>
    </ClInclude>
    <ClInclude Include="3rdparty\include\websocketpp\config\core.hpp">
      <Filter>websocketpp</Filter>
    </ClInclude>
    <ClInclude Include="3rdparty\include\websocketpp\config\core_client.hpp">
      <Filter>websocketpp</Filter>
    </ClInclude>
    <ClInclude Include="3rdparty\include\websocketpp\config\debug.hpp">
      <Filter>websocketpp</Filter>
    </ClInclude>
    <ClInclude Include="3rdparty\include\websocketpp\config\debug_asio.hpp">
      <Filter>websocketpp</Filter>
    </ClInclude>
    <ClInclude Include="3rdparty\include\websocketpp\config\debug_asio_no_tls.hpp">
      <Filter>websocketpp</Filter>
    </ClInclude>
    <ClInclude Include="3rdparty\include\websocketpp\config\minimal_client.hpp">
      <Filter>websocketpp</Filter>
    </ClInclude>
    <ClInclude Include="3rdparty\include\websocketpp\config\minimal_server.hpp">
      <Filter>websocketpp</Filter>
    </ClInclude>
    <ClInclude Include="3rdparty\include\websocketpp\extensions\extension.hpp">
      <Filter>websocketpp</Filter>
    </ClInclude>
    <ClInclude Include="3rdparty\include\websocketpp\extensions\permessage_deflate\disabled.hpp">
      <Filter>websocketpp</Filter>
    </ClInclude>
    <ClInclude Include="3rdparty\include\websocketpp\extensions\permessage_deflate\enabled.hpp">
      <Filter>websocketpp</Filter>
    </ClInclude>
    <ClInclude Include="3rdparty\include\websocketpp\http\constants.hpp">
      <Filter>websocketpp</Filter>
    </ClInclude>
    <ClInclude Include="3rdparty\include\websocketpp\http\impl\parser.hpp">
      <Filter>websocketpp</Filter>
    </ClInclude>
    <ClInclude Include="3rdparty\include\websocketpp\http\impl\request.hpp">
      <Filter>websocketpp</Filter>
    </ClInclude>
    <ClInclude Include="3rdparty\include\websocketpp\http\impl\response.hpp">
      <Filter>websocketpp</Filter>
    </ClInclude>
    <ClInclude Include="3rdparty\include\websocketpp\http\parser.hpp">
      <Filter>websocketpp</Filter>
    </ClInclude>
    <ClInclude Include="3rdparty\include\websocketpp\http\request.hpp">
      <Filter>websocketpp</Filter>
    </ClInclude>
    <ClInclude Include="3rdparty\include\websocketpp\http\response.hpp">
      <Filter>websocketpp</Filter>
    </ClInclude>
    <ClInclude Include="3rdparty\include\websocketpp\impl\connection_impl.hpp">
      <Filter>websocketpp</Filter>
    </ClInclude>
    <ClInclude Include="3rdparty\include\websocketpp\impl\endpoint_impl.hpp">
      <Filter>websocketpp</Filter>
    </ClInclude>
    <ClInclude Include="3rdparty\include\websocketpp\impl\utilities_impl.hpp">
      <Filter>websocketpp</Filter>
    </ClInclude>
    <ClInclude Include="3rdparty\include\websocketpp\logger\basic.hpp">
      <Filter>websocketpp</Filter>
    </ClInclude>
    <ClInclude Include="3rdparty\include\websocketpp\logger\levels.hpp">
      <Filter>websocketpp</Filter>
    </ClInclude>
    <ClInclude Include="3rdparty\include\websocketpp\logger\stub.hpp">
      <Filter>websocketpp</Filter>
    </ClInclude>
    <ClInclude Include="3rdparty\include\websocketpp\logger\syslog.hpp">
      <Filter>websocketpp</Filter>
    </ClInclude>
    <ClInclude Include="3rdparty\include\websocketpp\message_buffer\alloc.hpp">
      <Filter>websocketpp</Filter>
    </ClInclude>
    <ClInclude Include="3rdparty\include\websocketpp\message_buffer\message.hpp">
      <Filter>websocketpp</Filter>
    </ClInclude>
    <ClInclude Include="3rdparty\include\websocketpp\message_buffer\pool.hpp">
      <Filter>websocketpp</Filter>
    </ClInclude>
    <ClInclude Include="3rdparty\include\websocketpp\processors\base.hpp">
      <Filter>websocketpp</Filter>
    </ClInclude>
    <ClInclude Include="3rdparty\include\websocketpp\processors\hybi00.hpp">
      <Filter>websocketpp</Filter>
    </ClInclude>
    <ClInclude Include="3rdparty\include\websocketpp\processors\hybi07.hpp">
      <Filter>websocketpp</Filter>
    </ClInclude>
    <ClInclude Include="3rdparty\include\websocketpp\processors\hybi08.hpp">
      <Filter>websocketpp</Filter>
    </ClInclude>
    <ClInclude Include="3rdparty\include\websocketpp\processors\hybi13.hpp">
      <Filter>websocketpp</Filter>
    </ClInclude>
    <ClInclude Include="3rdparty\include\websocketpp\processors\processor.hpp">
      <Filter>websocketpp</Filter>
    </ClInclude>
    <ClInclude Include="WebSocketServer.h">
      <Filter>src</Filter>
    </ClInclude>
    <ClInclude Include="Constants.h">
      <Filter>src</Filter>
    </ClInclude>
    <ClInclude Include="Context.h">
      <Filter>src</Filter>
    </ClInclude>
    <ClInclude Include="HttpServer.h">
      <Filter>src</Filter>
    </ClInclude>
    <ClInclude Include="Util.h">
      <Filter>src</Filter>
    </ClInclude>
    <ClInclude Include="3rdparty\win32_include\mhd_options.h">
      <Filter>microhttpd\include</Filter>
    </ClInclude>
    <ClInclude Include="3rdparty\win32_include\microhttpd.h">
      <Filter>microhttpd\include</Filter>
    </ClInclude>
    <ClInclude Include="3rdparty\win32_include\platform.h">
      <Filter>microhttpd\include</Filter>
    </ClInclude>
    <ClInclude Include="3rdparty\win32_include\autoinit_funcs.h">
      <Filter>microhttpd\include</Filter>
    </ClInclude>
    <ClInclude Include="3rdparty\win32_include\MHD_config.h">
      <Filter>microhttpd\include</Filter>
    </ClInclude>
    <ClInclude Include="3rdparty\win32_src\microhttpd\tsearch.h">
      <Filter>microhttpd\src</Filter>
    </ClInclude>
    <ClInclude Include="3rdparty\win32_src\microhttpd\base64.h">
      <Filter>microhttpd\src</Filter>
    </ClInclude>
    <ClInclude Include="3rdparty\win32_src\microhttpd\connection.h">
      <Filter>microhttpd\src</Filter>
    </ClInclude>
    <ClInclude Include="3rdparty\win32_src\microhttpd\internal.h">
      <Filter>microhttpd\src</Filter>
    </ClInclude>
    <ClInclude Include="3rdparty\win32_src\microhttpd\md5.h">
      <Filter>microhttpd\src</Filter>
    </ClInclude>
    <ClInclude Include="3rdparty\win32_src\microhttpd\memorypool.h">
      <Filter>microhttpd\src</Filter>
    </ClInclude>
    <ClInclude Include="3rdparty\win32_src\microhttpd\mhd_byteorder.h">
      <Filter>microhttpd\src</Filter>
    </ClInclude>
    <ClInclude Include="3rdparty\win32_src\microhttpd\mhd_compat.h">
      <Filter>microhttpd\src</Filter>
    </ClInclude>
    <ClInclude Include="3rdparty\win32_src\microhttpd\mhd_itc.h">
      <Filter>microhttpd\src</Filter>
    </ClInclude>
    <ClInclude Include="3rdparty\win32_src\microhttpd\mhd_itc_types.h">
      <Filter>microhttpd\src</Filter>
    </ClInclude>
    <ClInclude Include="3rdparty\win32_src\microhttpd\mhd_limits.h">
      <Filter>microhttpd\src</Filter>
    </ClInclude>
    <ClInclude Include="3rdparty\win32_src\microhttpd\mhd_locks.h">
      <Filter>microhttpd\src</Filter>
    </ClInclude>
    <ClInclude Include="3rdparty\win32_src\microhttpd\mhd_mono_clock.h">
      <Filter>microhttpd\src</Filter>
    </ClInclude>
    <ClInclude Include="3rdparty\win32_src\microhttpd\mhd_sockets.h">
      <Filter>microhttpd\src</Filter>
    </ClInclude>
    <ClInclude Include="3rdparty\win32_src\microhttpd\mhd_str.h">
      <Filter>microhttpd\src</Filter>
    </ClInclude>
    <ClInclude Include="3rdparty\win32_src\microhttpd\mhd_threads.h">
      <Filter>microhttpd\src</Filter>
    </ClInclude>
    <ClInclude Include="3rdparty\win32_src\microhttpd\response.h">
      <Filter>microhttpd\src</Filter>
    </ClInclude>
    <ClInclude Include="3rdparty\win32_src\microhttpd\sysfdsetsize.h">
      <Filter>microhttpd\src</Filter>
    </ClInclude>
    <ClInclude Include="Transcoder.h">
      <Filter>src</Filter>
    </ClInclude>
    <ClInclude Include="Snapshots.h">
      <Filter>src</Filter>
    </ClInclude>
    <ClInclude Include="TranscodingAudioDataStream.h">
      <Filter>src</Filter>
    </ClInclude>
    <ClInclude Include="BlockingTranscoder.h">
      <Filter>src</Filter>
    </ClInclude>
  </ItemGroup>
</Project>