<?xml version="1.0" encoding="utf-8"?>
<Project ToolsVersion="4.0" xmlns="http://schemas.microsoft.com/developer/msbuild/2003">
  <ItemGroup>
    <Filter Include="src">
      <UniqueIdentifier>{93995380-89BD-4b04-88EB-625FBE52EBFB}</UniqueIdentifier>
      <Extensions>h;hpp;hxx;hm;inl;inc;xsd</Extensions>
    </Filter>
    <Filter Include="src\support">
      <UniqueIdentifier>{6a03fee0-b862-4be2-82df-5ecf9d5a2cf4}</UniqueIdentifier>
    </Filter>
    <Filter Include="src\audio">
      <UniqueIdentifier>{eb06b592-13c8-4826-b196-81f5783a3348}</UniqueIdentifier>
    </Filter>
    <Filter Include="src\sdk">
      <UniqueIdentifier>{88841a57-b3cc-459c-bfb7-05b8a2baca03}</UniqueIdentifier>
    </Filter>
    <Filter Include="src\library">
      <UniqueIdentifier>{90ebbbb9-2451-414e-9b0c-20f40fdadd9f}</UniqueIdentifier>
    </Filter>
    <Filter Include="src\io">
      <UniqueIdentifier>{9ddb994d-f85e-41db-932d-87554d2e93e2}</UniqueIdentifier>
    </Filter>
    <Filter Include="src\library\track">
      <UniqueIdentifier>{a9c7acb5-36af-4bfc-bbf0-b26f2f482d26}</UniqueIdentifier>
    </Filter>
    <Filter Include="src\plugin">
      <UniqueIdentifier>{928fef19-2739-4485-83ae-1e18892247b0}</UniqueIdentifier>
    </Filter>
    <Filter Include="src\db">
      <UniqueIdentifier>{9c63f496-9ae4-4032-8b1d-b1cdcd09a1d2}</UniqueIdentifier>
    </Filter>
    <Filter Include="src\runtime">
      <UniqueIdentifier>{e22e7d2d-a548-4344-bb6e-8463bc1a7157}</UniqueIdentifier>
    </Filter>
    <Filter Include="src\library\metadata">
      <UniqueIdentifier>{f3766aee-efaf-49ed-b030-67290c5c2f31}</UniqueIdentifier>
    </Filter>
    <Filter Include="src\library\query">
      <UniqueIdentifier>{aeae5187-aaff-493a-9d03-4b24dee39b7c}</UniqueIdentifier>
    </Filter>
    <Filter Include="src\library\query\local">
      <UniqueIdentifier>{73173bbc-5951-460f-814d-25d1b71bf362}</UniqueIdentifier>
    </Filter>
    <Filter Include="src\i18n">
      <UniqueIdentifier>{a8776591-b7ad-4f6f-a927-c4bfaaa1e8c8}</UniqueIdentifier>
    </Filter>
    <Filter Include="src\sdk\audio">
      <UniqueIdentifier>{fe28fe15-6cf7-40e0-bec5-9ca46932d279}</UniqueIdentifier>
    </Filter>
    <Filter Include="src\sdk\vis">
      <UniqueIdentifier>{dd68aae0-9c01-4915-a4b3-c5e5b5ff8058}</UniqueIdentifier>
    </Filter>
    <Filter Include="src\sdk\io">
      <UniqueIdentifier>{578b0af6-0dc3-4a69-a784-5e0293a5708a}</UniqueIdentifier>
    </Filter>
    <Filter Include="src\sdk\indexer">
      <UniqueIdentifier>{d35af273-0f2b-4669-aa83-d7eee8c2c5c5}</UniqueIdentifier>
    </Filter>
    <Filter Include="src\sdk\metadata">
      <UniqueIdentifier>{a39a447a-65ad-465c-839d-b96cc4a8e2e9}</UniqueIdentifier>
    </Filter>
    <Filter Include="src\library\query\local\util">
      <UniqueIdentifier>{3c3cc444-39fd-482f-aca9-3e67b98d8fc0}</UniqueIdentifier>
    </Filter>
  </ItemGroup>
  <ItemGroup>
    <ClCompile Include="pch.cpp">
      <Filter>src</Filter>
    </ClCompile>
    <ClCompile Include="db\Connection.cpp">
      <Filter>src\db</Filter>
    </ClCompile>
    <ClCompile Include="db\ScopedTransaction.cpp">
      <Filter>src\db</Filter>
    </ClCompile>
    <ClCompile Include="db\Statement.cpp">
      <Filter>src\db</Filter>
    </ClCompile>
    <ClCompile Include="audio\Buffer.cpp">
      <Filter>src\audio</Filter>
    </ClCompile>
    <ClCompile Include="audio\Player.cpp">
      <Filter>src\audio</Filter>
    </ClCompile>
    <ClCompile Include="io\LocalFileStream.cpp">
      <Filter>src\io</Filter>
    </ClCompile>
    <ClCompile Include="io\DataStreamFactory.cpp">
      <Filter>src\io</Filter>
    </ClCompile>
    <ClCompile Include="support\Preferences.cpp">
      <Filter>src\support</Filter>
    </ClCompile>
    <ClCompile Include="support\Common.cpp">
      <Filter>src\support</Filter>
    </ClCompile>
    <ClCompile Include="library\Indexer.cpp">
      <Filter>src\library</Filter>
    </ClCompile>
    <ClCompile Include="library\track\IndexerTrack.cpp">
      <Filter>src\library\track</Filter>
    </ClCompile>
    <ClCompile Include="library\track\LibraryTrack.cpp">
      <Filter>src\library\track</Filter>
    </ClCompile>
    <ClCompile Include="library\track\Track.cpp">
      <Filter>src\library\track</Filter>
    </ClCompile>
    <ClCompile Include="library\LibraryFactory.cpp">
      <Filter>src\library</Filter>
    </ClCompile>
    <ClCompile Include="plugin\PluginFactory.cpp">
      <Filter>src\plugin</Filter>
    </ClCompile>
    <ClCompile Include="debug.cpp">
      <Filter>src</Filter>
    </ClCompile>
    <ClCompile Include="library\LocalLibrary.cpp">
      <Filter>src\library</Filter>
    </ClCompile>
    <ClCompile Include="audio\GaplessTransport.cpp">
      <Filter>src\audio</Filter>
    </ClCompile>
    <ClCompile Include="support\PreferenceKeys.cpp">
      <Filter>src\support</Filter>
    </ClCompile>
    <ClCompile Include="audio\Visualizer.cpp">
      <Filter>src\audio</Filter>
    </ClCompile>
    <ClCompile Include="audio\Stream.cpp">
      <Filter>src\audio</Filter>
    </ClCompile>
    <ClCompile Include="audio\Streams.cpp">
      <Filter>src\audio</Filter>
    </ClCompile>
    <ClCompile Include="audio\Outputs.cpp">
      <Filter>src\audio</Filter>
    </ClCompile>
    <ClCompile Include="runtime\Message.cpp">
      <Filter>src\runtime</Filter>
    </ClCompile>
    <ClCompile Include="runtime\MessageQueue.cpp">
      <Filter>src\runtime</Filter>
    </ClCompile>
    <ClCompile Include="audio\CrossfadeTransport.cpp">
      <Filter>src\audio</Filter>
    </ClCompile>
    <ClCompile Include="audio\Crossfader.cpp">
      <Filter>src\audio</Filter>
    </ClCompile>
    <ClCompile Include="audio\PlaybackService.cpp">
      <Filter>src\audio</Filter>
    </ClCompile>
    <ClCompile Include="library\track\TrackList.cpp">
      <Filter>src\library\track</Filter>
    </ClCompile>
    <ClCompile Include="library\query\local\CategoryTrackListQuery.cpp">
      <Filter>src\library\query\local</Filter>
    </ClCompile>
    <ClCompile Include="library\query\local\DeletePlaylistQuery.cpp">
      <Filter>src\library\query\local</Filter>
    </ClCompile>
    <ClCompile Include="library\query\local\GetPlaylistQuery.cpp">
      <Filter>src\library\query\local</Filter>
    </ClCompile>
    <ClCompile Include="library\query\local\NowPlayingTrackListQuery.cpp">
      <Filter>src\library\query\local</Filter>
    </ClCompile>
    <ClCompile Include="library\query\local\SavePlaylistQuery.cpp">
      <Filter>src\library\query\local</Filter>
    </ClCompile>
    <ClCompile Include="library\query\local\SearchTrackListQuery.cpp">
      <Filter>src\library\query\local</Filter>
    </ClCompile>
    <ClCompile Include="library\query\local\CategoryListQuery.cpp">
      <Filter>src\library\query\local</Filter>
    </ClCompile>
    <ClCompile Include="library\LocalSimpleDataProvider.cpp">
      <Filter>src\library</Filter>
    </ClCompile>
    <ClCompile Include="plugin\Plugins.cpp">
      <Filter>src\plugin</Filter>
    </ClCompile>
    <ClCompile Include="library\metadata\MetadataMap.cpp">
      <Filter>src\library\metadata</Filter>
    </ClCompile>
    <ClCompile Include="library\metadata\MetadataMapList.cpp">
      <Filter>src\library\metadata</Filter>
    </ClCompile>
    <ClCompile Include="library\query\local\AlbumListQuery.cpp">
      <Filter>src\library\query\local</Filter>
    </ClCompile>
    <ClCompile Include="i18n\Locale.cpp">
      <Filter>src\i18n</Filter>
    </ClCompile>
    <ClCompile Include="library\query\local\TrackMetadataQuery.cpp">
      <Filter>src\library\query\local</Filter>
    </ClCompile>
    <ClCompile Include="library\query\local\AppendPlaylistQuery.cpp">
      <Filter>src\library\query\local</Filter>
    </ClCompile>
    <ClCompile Include="library\query\local\ReplayGainQuery.cpp">
      <Filter>src\library\query\local</Filter>
    </ClCompile>
    <ClCompile Include="library\query\local\util\CategoryQueryUtil.cpp">
      <Filter>src\library\query\local\util</Filter>
    </ClCompile>
    <ClCompile Include="library\query\local\AllCategoriesQuery.cpp">
      <Filter>src\library\query\local</Filter>
    </ClCompile>
    <ClCompile Include="support\Playback.cpp">
      <Filter>src\support</Filter>
    </ClCompile>
    <ClCompile Include="support\Duration.cpp">
      <Filter>src\support</Filter>
    </ClCompile>
    <ClCompile Include="audio\MasterTransport.cpp">
      <Filter>src\audio</Filter>
    </ClCompile>
    <ClCompile Include="library\query\local\DirectoryTrackListQuery.cpp">
      <Filter>src\library\query\local</Filter>
    </ClCompile>
    <ClCompile Include="library\query\local\PersistedPlayQueueQuery.cpp">
      <Filter>src\library\query\local</Filter>
    </ClCompile>
    <ClCompile Include="support\LastFm.cpp">
      <Filter>src\support</Filter>
    </ClCompile>
  </ItemGroup>
  <ItemGroup>
    <ClInclude Include="pch.hpp">
      <Filter>src</Filter>
    </ClInclude>
    <ClInclude Include="db\Connection.h">
      <Filter>src\db</Filter>
    </ClInclude>
    <ClInclude Include="db\ScopedTransaction.h">
      <Filter>src\db</Filter>
    </ClInclude>
    <ClInclude Include="db\Statement.h">
      <Filter>src\db</Filter>
    </ClInclude>
    <ClInclude Include="audio\Buffer.h">
      <Filter>src\audio</Filter>
    </ClInclude>
    <ClInclude Include="audio\Player.h">
      <Filter>src\audio</Filter>
    </ClInclude>
    <ClInclude Include="io\LocalFileStream.h">
      <Filter>src\io</Filter>
    </ClInclude>
    <ClInclude Include="io\DataStreamFactory.h">
      <Filter>src\io</Filter>
    </ClInclude>
    <ClInclude Include="config.h">
      <Filter>src</Filter>
    </ClInclude>
    <ClInclude Include="support\Common.h">
      <Filter>src\support</Filter>
    </ClInclude>
    <ClInclude Include="support\Preferences.h">
      <Filter>src\support</Filter>
    </ClInclude>
    <ClInclude Include="library\Indexer.h">
      <Filter>src\library</Filter>
    </ClInclude>
    <ClInclude Include="library\track\IndexerTrack.h">
      <Filter>src\library\track</Filter>
    </ClInclude>
    <ClInclude Include="library\track\LibraryTrack.h">
      <Filter>src\library\track</Filter>
    </ClInclude>
    <ClInclude Include="library\track\Track.h">
      <Filter>src\library\track</Filter>
    </ClInclude>
    <ClInclude Include="library\LibraryFactory.h">
      <Filter>src\library</Filter>
    </ClInclude>
    <ClInclude Include="plugin\PluginFactory.h">
      <Filter>src\plugin</Filter>
    </ClInclude>
    <ClInclude Include="sdk\IPlugin.h">
      <Filter>src\sdk</Filter>
    </ClInclude>
    <ClInclude Include="debug.h">
      <Filter>src</Filter>
    </ClInclude>
    <ClInclude Include="library\LocalLibrary.h">
      <Filter>src\library</Filter>
    </ClInclude>
    <ClInclude Include="library\ILibrary.h">
      <Filter>src\library</Filter>
    </ClInclude>
    <ClInclude Include="library\IIndexer.h">
      <Filter>src\library</Filter>
    </ClInclude>
    <ClInclude Include="library\IQuery.h">
      <Filter>src\library</Filter>
    </ClInclude>
    <ClInclude Include="library\LocalLibraryConstants.h">
      <Filter>src\library</Filter>
    </ClInclude>
    <ClInclude Include="audio\ITransport.h">
      <Filter>src\audio</Filter>
    </ClInclude>
    <ClInclude Include="audio\GaplessTransport.h">
      <Filter>src\audio</Filter>
    </ClInclude>
    <ClInclude Include="support\PreferenceKeys.h">
      <Filter>src\support</Filter>
    </ClInclude>
    <ClInclude Include="audio\Visualizer.h">
      <Filter>src\audio</Filter>
    </ClInclude>
    <ClInclude Include="utfutil.h">
      <Filter>src</Filter>
    </ClInclude>
    <ClInclude Include="sdk\constants.h">
      <Filter>src\sdk</Filter>
    </ClInclude>
    <ClInclude Include="audio\IStream.h">
      <Filter>src\audio</Filter>
    </ClInclude>
    <ClInclude Include="audio\Stream.h">
      <Filter>src\audio</Filter>
    </ClInclude>
    <ClInclude Include="audio\Streams.h">
      <Filter>src\audio</Filter>
    </ClInclude>
    <ClInclude Include="audio\Outputs.h">
      <Filter>src\audio</Filter>
    </ClInclude>
    <ClInclude Include="runtime\Message.h">
      <Filter>src\runtime</Filter>
    </ClInclude>
    <ClInclude Include="runtime\MessageQueue.h">
      <Filter>src\runtime</Filter>
    </ClInclude>
    <ClInclude Include="runtime\IMessage.h">
      <Filter>src\runtime</Filter>
    </ClInclude>
    <ClInclude Include="runtime\IMessageTarget.h">
      <Filter>src\runtime</Filter>
    </ClInclude>
    <ClInclude Include="audio\CrossfadeTransport.h">
      <Filter>src\audio</Filter>
    </ClInclude>
    <ClInclude Include="audio\Crossfader.h">
      <Filter>src\audio</Filter>
    </ClInclude>
    <ClInclude Include="runtime\IMessageQueue.h">
      <Filter>src\runtime</Filter>
    </ClInclude>
    <ClInclude Include="audio\PlaybackService.h">
      <Filter>src\audio</Filter>
    </ClInclude>
    <ClInclude Include="library\track\TrackList.h">
      <Filter>src\library\track</Filter>
    </ClInclude>
    <ClInclude Include="sdk\IPreferences.h">
      <Filter>src\sdk</Filter>
    </ClInclude>
    <ClInclude Include="library\query\local\CategoryTrackListQuery.h">
      <Filter>src\library\query\local</Filter>
    </ClInclude>
    <ClInclude Include="library\query\local\DeletePlaylistQuery.h">
      <Filter>src\library\query\local</Filter>
    </ClInclude>
    <ClInclude Include="library\query\local\GetPlaylistQuery.h">
      <Filter>src\library\query\local</Filter>
    </ClInclude>
    <ClInclude Include="library\query\local\NowPlayingTrackListQuery.h">
      <Filter>src\library\query\local</Filter>
    </ClInclude>
    <ClInclude Include="library\query\local\SavePlaylistQuery.h">
      <Filter>src\library\query\local</Filter>
    </ClInclude>
    <ClInclude Include="library\query\local\SearchTrackListQuery.h">
      <Filter>src\library\query\local</Filter>
    </ClInclude>
    <ClInclude Include="library\query\local\TrackListQueryBase.h">
      <Filter>src\library\query\local</Filter>
    </ClInclude>
    <ClInclude Include="library\query\local\CategoryListQuery.h">
      <Filter>src\library\query\local</Filter>
    </ClInclude>
    <ClInclude Include="Library\query\local\LocalQueryBase.h">
      <Filter>src\library\query\local</Filter>
    </ClInclude>
    <ClInclude Include="library\LocalSimpleDataProvider.h">
      <Filter>src\library</Filter>
    </ClInclude>
    <ClInclude Include="plugin\Plugins.h">
      <Filter>src\plugin</Filter>
    </ClInclude>
    <ClInclude Include="library\metadata\MetadataMapList.h">
      <Filter>src\library\metadata</Filter>
    </ClInclude>
    <ClInclude Include="library\metadata\MetadataMap.h">
      <Filter>src\library\metadata</Filter>
    </ClInclude>
    <ClInclude Include="library\query\local\AlbumListQuery.h">
      <Filter>src\library\query\local</Filter>
    </ClInclude>
    <ClInclude Include="i18n\Locale.h">
      <Filter>src\i18n</Filter>
    </ClInclude>
    <ClInclude Include="library\query\local\TrackMetadataQuery.h">
      <Filter>src\library\query\local</Filter>
    </ClInclude>
    <ClInclude Include="sdk\IEnvironment.h">
      <Filter>src\sdk</Filter>
    </ClInclude>
    <ClInclude Include="sdk\IDSP.h">
      <Filter>src\sdk\audio</Filter>
    </ClInclude>
    <ClInclude Include="sdk\IDecoderFactory.h">
      <Filter>src\sdk\audio</Filter>
    </ClInclude>
    <ClInclude Include="sdk\IDecoder.h">
      <Filter>src\sdk\audio</Filter>
    </ClInclude>
    <ClInclude Include="sdk\IOutput.h">
      <Filter>src\sdk\audio</Filter>
    </ClInclude>
    <ClInclude Include="sdk\IBuffer.h">
      <Filter>src\sdk\audio</Filter>
    </ClInclude>
    <ClInclude Include="sdk\IBufferProvider.h">
      <Filter>src\sdk\audio</Filter>
    </ClInclude>
    <ClInclude Include="sdk\IDataStreamFactory.h">
      <Filter>src\sdk\io</Filter>
    </ClInclude>
    <ClInclude Include="sdk\IDataStream.h">
      <Filter>src\sdk\io</Filter>
    </ClInclude>
    <ClInclude Include="sdk\IVisualizer.h">
      <Filter>src\sdk\vis</Filter>
    </ClInclude>
    <ClInclude Include="sdk\IPcmVisualizer.h">
      <Filter>src\sdk\vis</Filter>
    </ClInclude>
    <ClInclude Include="sdk\ISpectrumVisualizer.h">
      <Filter>src\sdk\vis</Filter>
    </ClInclude>
    <ClInclude Include="sdk\ISimpleDataProvider.h">
      <Filter>src\sdk\metadata</Filter>
    </ClInclude>
    <ClInclude Include="sdk\IPlaybackRemote.h">
      <Filter>src\sdk\audio</Filter>
    </ClInclude>
    <ClInclude Include="sdk\IPlaybackService.h">
      <Filter>src\sdk\audio</Filter>
    </ClInclude>
    <ClInclude Include="sdk\IAnalyzer.h">
      <Filter>src\sdk\audio</Filter>
    </ClInclude>
    <ClInclude Include="sdk\IIndexerNotifier.h">
      <Filter>src\sdk\indexer</Filter>
    </ClInclude>
    <ClInclude Include="sdk\IIndexerSource.h">
      <Filter>src\sdk\indexer</Filter>
    </ClInclude>
    <ClInclude Include="sdk\IIndexerWriter.h">
      <Filter>src\sdk\indexer</Filter>
    </ClInclude>
    <ClInclude Include="sdk\ITrackListEditor.h">
      <Filter>src\sdk\metadata</Filter>
    </ClInclude>
    <ClInclude Include="sdk\ITrackList.h">
      <Filter>src\sdk\metadata</Filter>
    </ClInclude>
    <ClInclude Include="sdk\ITrack.h">
      <Filter>src\sdk\metadata</Filter>
    </ClInclude>
    <ClInclude Include="sdk\IDevice.h">
      <Filter>src\sdk\audio</Filter>
    </ClInclude>
    <ClInclude Include="sdk\IValue.h">
      <Filter>src\sdk\metadata</Filter>
    </ClInclude>
    <ClInclude Include="sdk\IValueList.h">
      <Filter>src\sdk\metadata</Filter>
    </ClInclude>
    <ClInclude Include="sdk\IResource.h">
      <Filter>src\sdk\metadata</Filter>
    </ClInclude>
    <ClInclude Include="sdk\IMap.h">
      <Filter>src\sdk\metadata</Filter>
    </ClInclude>
    <ClInclude Include="sdk\IMapList.h">
      <Filter>src\sdk\metadata</Filter>
    </ClInclude>
    <ClInclude Include="sdk\ITagReader.h">
      <Filter>src\sdk\metadata</Filter>
    </ClInclude>
    <ClInclude Include="sdk\ITagStore.h">
      <Filter>src\sdk\metadata</Filter>
    </ClInclude>
    <ClInclude Include="library\query\local\AppendPlaylistQuery.h">
      <Filter>src\library\query\local</Filter>
    </ClInclude>
    <ClInclude Include="sdk\IEncoder.h">
      <Filter>src\sdk\audio</Filter>
    </ClInclude>
    <ClInclude Include="sdk\IEncoderFactory.h">
      <Filter>src\sdk\audio</Filter>
    </ClInclude>
    <ClInclude Include="support\Messages.h">
      <Filter>src\support</Filter>
    </ClInclude>
    <ClInclude Include="library\query\local\ReplayGainQuery.h">
      <Filter>src\library\query\local</Filter>
    </ClInclude>
    <ClInclude Include="library\query\local\util\CategoryQueryUtil.h">
      <Filter>src\library\query\local\util</Filter>
    </ClInclude>
    <ClInclude Include="library\query\local\util\SdkWrappers.h">
      <Filter>src\library\query\local\util</Filter>
    </ClInclude>
    <ClInclude Include="library\query\local\AllCategoriesQuery.h">
      <Filter>src\library\query\local</Filter>
    </ClInclude>
    <ClInclude Include="support\Duration.h">
      <Filter>src\support</Filter>
    </ClInclude>
    <ClInclude Include="support\Playback.h">
      <Filter>src\support</Filter>
    </ClInclude>
    <ClInclude Include="audio\MasterTransport.h">
      <Filter>src\audio</Filter>
    </ClInclude>
    <ClInclude Include="library\query\local\DirectoryTrackListQuery.h">
      <Filter>src\library\query\local</Filter>
    </ClInclude>
    <ClInclude Include="library\query\local\PersistedPlayQueueQuery.h">
      <Filter>src\library\query\local</Filter>
    </ClInclude>
    <ClInclude Include="io\HttpClient.h">
      <Filter>src\io</Filter>
    </ClInclude>
    <ClInclude Include="support\LastFm.h">
      <Filter>src\support</Filter>
    </ClInclude>
    <ClInclude Include="sdk\HttpClient.h">
      <Filter>src\sdk\io</Filter>
    </ClInclude>
    <ClInclude Include="sdk\ISchema.h">
      <Filter>src\sdk</Filter>
    </ClInclude>
  </ItemGroup>
</Project>